PODS:
  - boost/math-includes (1.51.0)
  - boost/numeric-includes (1.51.0)
  - boost/pointer_cast-includes (1.51.0)
  - boost/preprocessor-includes (1.51.0)
  - boost/shared_ptr-includes (1.51.0)
  - clipper (5.1.4)
  - eigen (3.2.0):
    - boost/numeric-includes
    - boost/preprocessor-includes
  - proj4 (4.8.0)
  - shapelib (1.3)
  - WhirlyGlobe (2.0.ao):
    - WhirlyGlobe/Component
  - WhirlyGlobe-Headers (2.0.ao):
    - boost/math-includes
    - boost/pointer_cast-includes
    - boost/shared_ptr-includes
    - eigen
  - WhirlyGlobe/Component (2.0.ao):
    - WhirlyGlobe/Lib (= 2.0.ao)
  - WhirlyGlobe/Lib (2.0.ao):
    - clipper
    - proj4
    - shapelib
    - WhirlyGlobe-Headers (= 2.0.ao)

DEPENDENCIES:
  - WhirlyGlobe (= 2.0.ao)

SPEC CHECKSUMS:
  boost: 581038adda16d11045576013ad27e3eeeabc2d10
  clipper: 5789558d6995c4fca416b43dba6558ef86ff1181
  eigen: 35fe8eb8f0e7ef950ad49ea18852af7b8c67aeaa
  proj4: 9eaa37997f1b4f6037f6dedabd1657f27a4d41ed
  shapelib: 622b987882111dd347fd30062319e896e8e74bed
  WhirlyGlobe: dc0a6c5e35bcd55066a9fb5765adcc5958929f2f
  WhirlyGlobe-Headers: b63afe5beb2d190adb2962c351ff107a087a993d

COCOAPODS: 0.33.1
